
Microsoft Visual Studio Solution File, Format Version 12.00
# Visual Studio Version 16
VisualStudioVersion = 16.0.31702.278
MinimumVisualStudioVersion = 10.0.40219.1
Project("{9A19103F-16F7-4668-BE54-9A1E7A4F7556}") = "BuggerUI", "BuggerUI\BuggerUI.csproj", "{F7943BA6-A118-4098-B955-2CAA17D81D8E}"
EndProject
Project("{9A19103F-16F7-4668-BE54-9A1E7A4F7556}") = "DataAccessLibrary", "DataAccessLibrary\DataAccessLibrary.csproj", "{5CED2949-4534-4C04-B470-FBDEEE86D5BB}"
EndProject
Global
	GlobalSection(SolutionConfigurationPlatforms) = preSolution
		Debug|Any CPU = Debug|Any CPU
		Release|Any CPU = Release|Any CPU
	EndGlobalSection
	GlobalSection(ProjectConfigurationPlatforms) = postSolution
		{F7943BA6-A118-4098-B955-2CAA17D81D8E}.Debug|Any CPU.ActiveCfg = Debug|Any CPU
		{F7943BA6-A118-4098-B955-2CAA17D81D8E}.Debug|Any CPU.Build.0 = Debug|Any CPU
		{F7943BA6-A118-4098-B955-2CAA17D81D8E}.Release|Any CPU.ActiveCfg = Release|Any CPU
		{F7943BA6-A118-4098-B955-2CAA17D81D8E}.Release|Any CPU.Build.0 = Release|Any CPU
		{5CED2949-4534-4C04-B470-FBDEEE86D5BB}.Debug|Any CPU.ActiveCfg = Debug|Any CPU
		{5CED2949-4534-4C04-B470-FBDEEE86D5BB}.Debug|Any CPU.Build.0 = Debug|Any CPU
		{5CED2949-4534-4C04-B470-FBDEEE86D5BB}.Release|Any CPU.ActiveCfg = Release|Any CPU
		{5CED2949-4534-4C04-B470-FBDEEE86D5BB}.Release|Any CPU.Build.0 = Release|Any CPU
	EndGlobalSection
	GlobalSection(SolutionProperties) = preSolution
		HideSolutionNode = FALSE
	EndGlobalSection
	GlobalSection(ExtensibilityGlobals) = postSolution
		SolutionGuid = {B3C4608A-D529-40B1-B2E1-B0BDAFE9B9D0}
	EndGlobalSection
EndGlobal
